
Microsoft Visual Studio Solution File, Format Version 12.00
# Visual Studio Version 16
VisualStudioVersion = 16.0.29318.209
MinimumVisualStudioVersion = 10.0.40219.1
Project("{9A19103F-16F7-4668-BE54-9A1E7A4F7556}") = "CE.Leodis.MVC", "CE.Leodis.MVC\CE.Leodis.MVC.csproj", "{59E5D1E9-4716-4798-8B6B-5C91F2FD454F}"
EndProject
Project("{9A19103F-16F7-4668-BE54-9A1E7A4F7556}") = "CE.ArchiveWebSites.Core", "CE.ArchiveWebSites.Core\CE.ArchiveWebSites.Core.csproj", "{2601BDE7-F718-421D-B2F0-6ACBC6C26D1C}"
EndProject
Project("{9A19103F-16F7-4668-BE54-9A1E7A4F7556}") = "CE.Playbills.MVC", "CE.Playbills.MVC\CE.Playbills.MVC.csproj", "{C3AD0E02-E49B-4DB4-9709-F9609ECB963A}"
EndProject
Global
	GlobalSection(SolutionConfigurationPlatforms) = preSolution
		Debug|Any CPU = Debug|Any CPU
		Release|Any CPU = Release|Any CPU
	EndGlobalSection
	GlobalSection(ProjectConfigurationPlatforms) = postSolution
		{59E5D1E9-4716-4798-8B6B-5C91F2FD454F}.Debug|Any CPU.ActiveCfg = Debug|Any CPU
		{59E5D1E9-4716-4798-8B6B-5C91F2FD454F}.Debug|Any CPU.Build.0 = Debug|Any CPU
		{59E5D1E9-4716-4798-8B6B-5C91F2FD454F}.Release|Any CPU.ActiveCfg = Release|Any CPU
		{59E5D1E9-4716-4798-8B6B-5C91F2FD454F}.Release|Any CPU.Build.0 = Release|Any CPU
		{2601BDE7-F718-421D-B2F0-6ACBC6C26D1C}.Debug|Any CPU.ActiveCfg = Debug|Any CPU
		{2601BDE7-F718-421D-B2F0-6ACBC6C26D1C}.Debug|Any CPU.Build.0 = Debug|Any CPU
		{2601BDE7-F718-421D-B2F0-6ACBC6C26D1C}.Release|Any CPU.ActiveCfg = Release|Any CPU
		{2601BDE7-F718-421D-B2F0-6ACBC6C26D1C}.Release|Any CPU.Build.0 = Release|Any CPU
		{C3AD0E02-E49B-4DB4-9709-F9609ECB963A}.Debug|Any CPU.ActiveCfg = Debug|Any CPU
		{C3AD0E02-E49B-4DB4-9709-F9609ECB963A}.Debug|Any CPU.Build.0 = Debug|Any CPU
		{C3AD0E02-E49B-4DB4-9709-F9609ECB963A}.Release|Any CPU.ActiveCfg = Release|Any CPU
		{C3AD0E02-E49B-4DB4-9709-F9609ECB963A}.Release|Any CPU.Build.0 = Release|Any CPU
	EndGlobalSection
	GlobalSection(SolutionProperties) = preSolution
		HideSolutionNode = FALSE
	EndGlobalSection
	GlobalSection(ExtensibilityGlobals) = postSolution
		SolutionGuid = {C9F7C375-0E55-462E-94E3-78477A36F907}
	EndGlobalSection
EndGlobal
